
Microsoft Visual Studio Solution File, Format Version 12.00
# Visual Studio Version 17
VisualStudioVersion = 17.4.33213.308
MinimumVisualStudioVersion = 10.0.40219.1
Project("{9A19103F-16F7-4668-BE54-9A1E7A4F7556}") = "EShop.UI", "EShop.UI\EShop.UI.csproj", "{7621156B-4B49-4D08-B79A-BD6EF444D699}"
EndProject
Project("{9A19103F-16F7-4668-BE54-9A1E7A4F7556}") = "ProductCatalog.API", "ProductCatalog.API\ProductCatalog.API.csproj", "{55F5E8FA-35F7-42B8-ACA2-CE56B795A21D}"
EndProject
Project("{9A19103F-16F7-4668-BE54-9A1E7A4F7556}") = "ProductCatalog.Application", "ProductCatalog.Application\ProductCatalog.Application.csproj", "{7C3550C6-3C06-45D5-9EFE-8807EF5FE623}"
EndProject
Project("{9A19103F-16F7-4668-BE54-9A1E7A4F7556}") = "ProductCatalog.Domain", "ProductCatalog.Domain\ProductCatalog.Domain.csproj", "{E8B845DA-E363-4811-8670-D1549DB121EA}"
EndProject
Project("{9A19103F-16F7-4668-BE54-9A1E7A4F7556}") = "ProductCatalog.Persistence", "ProductCatalog.Persistence\ProductCatalog.Persistence.csproj", "{677F03BD-11EA-4D34-84E5-E0F83BEA985A}"
EndProject
Project("{2150E333-8FDC-42A3-9474-1A3956D46DE8}") = "Services", "Services", "{1041461B-5762-4A4B-A949-DDB26688D0E9}"
EndProject
Project("{2150E333-8FDC-42A3-9474-1A3956D46DE8}") = "ProductCatalog", "ProductCatalog", "{161F11FA-B7E8-4E25-8B67-12FAC5DF4058}"
EndProject
Project("{2150E333-8FDC-42A3-9474-1A3956D46DE8}") = "Basket", "Basket", "{1A21E0FC-66D7-410F-95E0-8FA669444ED6}"
EndProject
Project("{9A19103F-16F7-4668-BE54-9A1E7A4F7556}") = "Notification.API", "Notification.API\Notification.API.csproj", "{F6CD7384-694C-4C30-ADAA-738B8221F6B9}"
EndProject
Project("{9A19103F-16F7-4668-BE54-9A1E7A4F7556}") = "FuncThumbnailGen", "FuncThumbnailGen\FuncThumbnailGen.csproj", "{5C5B4972-25A4-42D0-A3A8-FA4DA0C8732A}"
EndProject
Project("{2150E333-8FDC-42A3-9474-1A3956D46DE8}") = "Functions", "Functions", "{D87EB0BC-E3E8-4FA6-8659-4662549CAE12}"
EndProject
Project("{2150E333-8FDC-42A3-9474-1A3956D46DE8}") = "Notification", "Notification", "{5482EC6B-CC53-465A-927E-A2EF36E82951}"
EndProject
Project("{9A19103F-16F7-4668-BE54-9A1E7A4F7556}") = "EventBus", "EventBus\EventBus.csproj", "{39B54BF7-CBF6-4919-B484-3EEFE3362E8D}"
EndProject
Project("{2150E333-8FDC-42A3-9474-1A3956D46DE8}") = "UI", "UI", "{8525811B-4AE8-4F27-A79F-C3CBAC6504FD}"
EndProject
Project("{2150E333-8FDC-42A3-9474-1A3956D46DE8}") = "Lib", "Lib", "{6359E0AF-9919-4E89-A43B-020280371708}"
EndProject
Project("{9A19103F-16F7-4668-BE54-9A1E7A4F7556}") = "ShoppingBasket.API", "ShoppingBasket.API\ShoppingBasket.API.csproj", "{A4F682B4-DB19-4CE6-AC53-EFDB8087F385}"
EndProject
Project("{2150E333-8FDC-42A3-9474-1A3956D46DE8}") = "Core", "Core", "{FF7BD76C-DC30-42C1-87E5-90721AB82374}"
EndProject
Project("{2150E333-8FDC-42A3-9474-1A3956D46DE8}") = "Infrastructure", "Infrastructure", "{90AE6034-CE7B-4921-A79B-10F112C4E68A}"
EndProject
Project("{2150E333-8FDC-42A3-9474-1A3956D46DE8}") = "LogicApp", "LogicApp", "{CEA488C6-A1B5-4B30-960C-E941F7BF7FF2}"
	ProjectSection(SolutionItems) = preProject
		LogicApp\parameters.json = LogicApp\parameters.json
		LogicApp\template.json = LogicApp\template.json
	EndProjectSection
EndProject
Project("{2150E333-8FDC-42A3-9474-1A3956D46DE8}") = "UnitTests", "UnitTests", "{8EE3DA1E-2714-4780-96F3-1291BE6B951D}"
EndProject
Project("{9A19103F-16F7-4668-BE54-9A1E7A4F7556}") = "CatalogService.Test", "CatalogService.Test\CatalogService.Test.csproj", "{B877178B-96DA-4888-BD55-0C04B97D6C38}"
EndProject
Project("{9A19103F-16F7-4668-BE54-9A1E7A4F7556}") = "MessageSender", "MessageSender\MessageSender.csproj", "{72BD2F01-D1EF-442D-87F0-7992AD3FD15C}"
EndProject
Global
	GlobalSection(SolutionConfigurationPlatforms) = preSolution
		Debug|Any CPU = Debug|Any CPU
		Release|Any CPU = Release|Any CPU
	EndGlobalSection
	GlobalSection(ProjectConfigurationPlatforms) = postSolution
		{7621156B-4B49-4D08-B79A-BD6EF444D699}.Debug|Any CPU.ActiveCfg = Debug|Any CPU
		{7621156B-4B49-4D08-B79A-BD6EF444D699}.Debug|Any CPU.Build.0 = Debug|Any CPU
		{7621156B-4B49-4D08-B79A-BD6EF444D699}.Release|Any CPU.ActiveCfg = Release|Any CPU
		{7621156B-4B49-4D08-B79A-BD6EF444D699}.Release|Any CPU.Build.0 = Release|Any CPU
		{55F5E8FA-35F7-42B8-ACA2-CE56B795A21D}.Debug|Any CPU.ActiveCfg = Debug|Any CPU
		{55F5E8FA-35F7-42B8-ACA2-CE56B795A21D}.Debug|Any CPU.Build.0 = Debug|Any CPU
		{55F5E8FA-35F7-42B8-ACA2-CE56B795A21D}.Release|Any CPU.ActiveCfg = Release|Any CPU
		{55F5E8FA-35F7-42B8-ACA2-CE56B795A21D}.Release|Any CPU.Build.0 = Release|Any CPU
		{7C3550C6-3C06-45D5-9EFE-8807EF5FE623}.Debug|Any CPU.ActiveCfg = Debug|Any CPU
		{7C3550C6-3C06-45D5-9EFE-8807EF5FE623}.Debug|Any CPU.Build.0 = Debug|Any CPU
		{7C3550C6-3C06-45D5-9EFE-8807EF5FE623}.Release|Any CPU.ActiveCfg = Release|Any CPU
		{7C3550C6-3C06-45D5-9EFE-8807EF5FE623}.Release|Any CPU.Build.0 = Release|Any CPU
		{E8B845DA-E363-4811-8670-D1549DB121EA}.Debug|Any CPU.ActiveCfg = Debug|Any CPU
		{E8B845DA-E363-4811-8670-D1549DB121EA}.Debug|Any CPU.Build.0 = Debug|Any CPU
		{E8B845DA-E363-4811-8670-D1549DB121EA}.Release|Any CPU.ActiveCfg = Release|Any CPU
		{E8B845DA-E363-4811-8670-D1549DB121EA}.Release|Any CPU.Build.0 = Release|Any CPU
		{677F03BD-11EA-4D34-84E5-E0F83BEA985A}.Debug|Any CPU.ActiveCfg = Debug|Any CPU
		{677F03BD-11EA-4D34-84E5-E0F83BEA985A}.Debug|Any CPU.Build.0 = Debug|Any CPU
		{677F03BD-11EA-4D34-84E5-E0F83BEA985A}.Release|Any CPU.ActiveCfg = Release|Any CPU
		{677F03BD-11EA-4D34-84E5-E0F83BEA985A}.Release|Any CPU.Build.0 = Release|Any CPU
		{F6CD7384-694C-4C30-ADAA-738B8221F6B9}.Debug|Any CPU.ActiveCfg = Debug|Any CPU
		{F6CD7384-694C-4C30-ADAA-738B8221F6B9}.Debug|Any CPU.Build.0 = Debug|Any CPU
		{F6CD7384-694C-4C30-ADAA-738B8221F6B9}.Release|Any CPU.ActiveCfg = Release|Any CPU
		{F6CD7384-694C-4C30-ADAA-738B8221F6B9}.Release|Any CPU.Build.0 = Release|Any CPU
		{5C5B4972-25A4-42D0-A3A8-FA4DA0C8732A}.Debug|Any CPU.ActiveCfg = Debug|Any CPU
		{5C5B4972-25A4-42D0-A3A8-FA4DA0C8732A}.Debug|Any CPU.Build.0 = Debug|Any CPU
		{5C5B4972-25A4-42D0-A3A8-FA4DA0C8732A}.Release|Any CPU.ActiveCfg = Release|Any CPU
		{5C5B4972-25A4-42D0-A3A8-FA4DA0C8732A}.Release|Any CPU.Build.0 = Release|Any CPU
		{39B54BF7-CBF6-4919-B484-3EEFE3362E8D}.Debug|Any CPU.ActiveCfg = Debug|Any CPU
		{39B54BF7-CBF6-4919-B484-3EEFE3362E8D}.Debug|Any CPU.Build.0 = Debug|Any CPU
		{39B54BF7-CBF6-4919-B484-3EEFE3362E8D}.Release|Any CPU.ActiveCfg = Release|Any CPU
		{39B54BF7-CBF6-4919-B484-3EEFE3362E8D}.Release|Any CPU.Build.0 = Release|Any CPU
		{A4F682B4-DB19-4CE6-AC53-EFDB8087F385}.Debug|Any CPU.ActiveCfg = Debug|Any CPU
		{A4F682B4-DB19-4CE6-AC53-EFDB8087F385}.Debug|Any CPU.Build.0 = Debug|Any CPU
		{A4F682B4-DB19-4CE6-AC53-EFDB8087F385}.Release|Any CPU.ActiveCfg = Release|Any CPU
		{A4F682B4-DB19-4CE6-AC53-EFDB8087F385}.Release|Any CPU.Build.0 = Release|Any CPU
		{B877178B-96DA-4888-BD55-0C04B97D6C38}.Debug|Any CPU.ActiveCfg = Debug|Any CPU
		{B877178B-96DA-4888-BD55-0C04B97D6C38}.Debug|Any CPU.Build.0 = Debug|Any CPU
		{B877178B-96DA-4888-BD55-0C04B97D6C38}.Release|Any CPU.ActiveCfg = Release|Any CPU
		{B877178B-96DA-4888-BD55-0C04B97D6C38}.Release|Any CPU.Build.0 = Release|Any CPU
		{72BD2F01-D1EF-442D-87F0-7992AD3FD15C}.Debug|Any CPU.ActiveCfg = Debug|Any CPU
		{72BD2F01-D1EF-442D-87F0-7992AD3FD15C}.Debug|Any CPU.Build.0 = Debug|Any CPU
		{72BD2F01-D1EF-442D-87F0-7992AD3FD15C}.Release|Any CPU.ActiveCfg = Release|Any CPU
		{72BD2F01-D1EF-442D-87F0-7992AD3FD15C}.Release|Any CPU.Build.0 = Release|Any CPU
	EndGlobalSection
	GlobalSection(SolutionProperties) = preSolution
		HideSolutionNode = FALSE
	EndGlobalSection
	GlobalSection(NestedProjects) = preSolution
		{7621156B-4B49-4D08-B79A-BD6EF444D699} = {8525811B-4AE8-4F27-A79F-C3CBAC6504FD}
		{55F5E8FA-35F7-42B8-ACA2-CE56B795A21D} = {161F11FA-B7E8-4E25-8B67-12FAC5DF4058}
		{7C3550C6-3C06-45D5-9EFE-8807EF5FE623} = {FF7BD76C-DC30-42C1-87E5-90721AB82374}
		{E8B845DA-E363-4811-8670-D1549DB121EA} = {FF7BD76C-DC30-42C1-87E5-90721AB82374}
		{677F03BD-11EA-4D34-84E5-E0F83BEA985A} = {90AE6034-CE7B-4921-A79B-10F112C4E68A}
		{161F11FA-B7E8-4E25-8B67-12FAC5DF4058} = {1041461B-5762-4A4B-A949-DDB26688D0E9}
		{1A21E0FC-66D7-410F-95E0-8FA669444ED6} = {1041461B-5762-4A4B-A949-DDB26688D0E9}
		{F6CD7384-694C-4C30-ADAA-738B8221F6B9} = {5482EC6B-CC53-465A-927E-A2EF36E82951}
		{5C5B4972-25A4-42D0-A3A8-FA4DA0C8732A} = {D87EB0BC-E3E8-4FA6-8659-4662549CAE12}
		{5482EC6B-CC53-465A-927E-A2EF36E82951} = {1041461B-5762-4A4B-A949-DDB26688D0E9}
		{39B54BF7-CBF6-4919-B484-3EEFE3362E8D} = {6359E0AF-9919-4E89-A43B-020280371708}
		{A4F682B4-DB19-4CE6-AC53-EFDB8087F385} = {1A21E0FC-66D7-410F-95E0-8FA669444ED6}
		{FF7BD76C-DC30-42C1-87E5-90721AB82374} = {161F11FA-B7E8-4E25-8B67-12FAC5DF4058}
		{90AE6034-CE7B-4921-A79B-10F112C4E68A} = {161F11FA-B7E8-4E25-8B67-12FAC5DF4058}
		{B877178B-96DA-4888-BD55-0C04B97D6C38} = {8EE3DA1E-2714-4780-96F3-1291BE6B951D}
		{72BD2F01-D1EF-442D-87F0-7992AD3FD15C} = {90AE6034-CE7B-4921-A79B-10F112C4E68A}
	EndGlobalSection
	GlobalSection(ExtensibilityGlobals) = postSolution
		SolutionGuid = {63D35DFB-CF92-4BEE-A973-1375EEAC0152}
	EndGlobalSection
EndGlobal
