
Microsoft Visual Studio Solution File, Format Version 12.00
# Visual Studio Version 17
VisualStudioVersion = 17.3.32825.248
MinimumVisualStudioVersion = 10.0.40219.1
Project("{2150E333-8FDC-42A3-9474-1A3956D46DE8}") = "Services", "Services", "{2A377F86-13A4-4C68-9A95-E2F0C2BAF02B}"
EndProject
Project("{2150E333-8FDC-42A3-9474-1A3956D46DE8}") = "ProductCatalog", "ProductCatalog", "{64FC36C3-734D-402D-8664-85DD9A2DE74E}"
EndProject
Project("{2150E333-8FDC-42A3-9474-1A3956D46DE8}") = "API", "API", "{16B42B61-7B26-45A8-92BF-712050E4A8EB}"
EndProject
Project("{2150E333-8FDC-42A3-9474-1A3956D46DE8}") = "Infrastructure", "Infrastructure", "{CE45B40C-DCF7-4496-8F05-0AB50B567A06}"
EndProject
Project("{2150E333-8FDC-42A3-9474-1A3956D46DE8}") = "Core", "Core", "{26580C29-028A-47A4-968F-E611B6198500}"
EndProject
Project("{9A19103F-16F7-4668-BE54-9A1E7A4F7556}") = "ProductCatalog.Domain", "ProductCatalog.Domain\ProductCatalog.Domain.csproj", "{9D841320-FD60-420F-93C7-EF72CD2F9147}"
EndProject
Project("{9A19103F-16F7-4668-BE54-9A1E7A4F7556}") = "ProductCatalog.Application", "ProductCatalog.Application\ProductCatalog.Application.csproj", "{7066B94B-33E4-411D-A4CF-4C0B6263BD8E}"
EndProject
Project("{9A19103F-16F7-4668-BE54-9A1E7A4F7556}") = "ProductCatalog.Persistence", "ProductCatalog.Persistence\ProductCatalog.Persistence.csproj", "{2F770095-51ED-43B0-98BA-41478E8516E2}"
EndProject
Project("{9A19103F-16F7-4668-BE54-9A1E7A4F7556}") = "ProductCatalog.API", "ProductCatalog.API\ProductCatalog.API.csproj", "{762CA434-570C-4A95-949C-DFD76541425D}"
EndProject
Project("{2150E333-8FDC-42A3-9474-1A3956D46DE8}") = "UI", "UI", "{E8BCE3E9-B7D8-47F8-A727-401849F85C8D}"
	ProjectSection(SolutionItems) = preProject
		TextFile1.txt = TextFile1.txt
	EndProjectSection
EndProject
Project("{9A19103F-16F7-4668-BE54-9A1E7A4F7556}") = "WebMVC", "WebMVC\WebMVC.csproj", "{2366E2B4-70BD-4222-ABCB-2D170ECA7374}"
EndProject
Project("{2150E333-8FDC-42A3-9474-1A3956D46DE8}") = "Functions", "Functions", "{DB2DA886-8BB6-4D65-BFFC-27333DCD3B4F}"
EndProject
Project("{2150E333-8FDC-42A3-9474-1A3956D46DE8}") = "ShoppingCart", "ShoppingCart", "{17797365-F850-431E-9441-4F1AFB89ADA3}"
EndProject
Project("{2150E333-8FDC-42A3-9474-1A3956D46DE8}") = "API", "API", "{5403C94C-5253-45DB-8A8E-3BD4136444D3}"
EndProject
Project("{9A19103F-16F7-4668-BE54-9A1E7A4F7556}") = "ShoppingBasketAPI", "ShoppingCart.API\ShoppingBasketAPI.csproj", "{348D0789-C8EF-48DA-B9AD-50504D7F145B}"
EndProject
Project("{9A19103F-16F7-4668-BE54-9A1E7A4F7556}") = "ThumbnailGeneraterFun", "ThumbnailGeneraterFun\ThumbnailGeneraterFun.csproj", "{F539F9A8-FD48-46F4-89E8-58B0C36BE54B}"
EndProject
Project("{2150E333-8FDC-42A3-9474-1A3956D46DE8}") = "BuildingBlocks", "BuildingBlocks", "{219811C3-5E10-4D9F-A3CA-AD3BF25B72C7}"
EndProject
Project("{2150E333-8FDC-42A3-9474-1A3956D46DE8}") = "EventBus", "EventBus", "{72198977-FF1E-470E-95A0-B2666C929A80}"
EndProject
Project("{9A19103F-16F7-4668-BE54-9A1E7A4F7556}") = "EventBus", "EventBus\EventBus.csproj", "{36692E9A-A248-4F78-8346-07D259E4EB84}"
EndProject
Project("{2150E333-8FDC-42A3-9474-1A3956D46DE8}") = "Notification", "Notification", "{C1960C71-47B7-443D-A62E-1C46969FF6DF}"
EndProject
Project("{9A19103F-16F7-4668-BE54-9A1E7A4F7556}") = "Notification.API", "NotificationMicroService.API\Notification.API.csproj", "{3ABDB190-2F6A-49C0-87F3-2B8C350C6F6B}"
EndProject
Global
	GlobalSection(SolutionConfigurationPlatforms) = preSolution
		Debug|Any CPU = Debug|Any CPU
		Release|Any CPU = Release|Any CPU
	EndGlobalSection
	GlobalSection(ProjectConfigurationPlatforms) = postSolution
		{9D841320-FD60-420F-93C7-EF72CD2F9147}.Debug|Any CPU.ActiveCfg = Debug|Any CPU
		{9D841320-FD60-420F-93C7-EF72CD2F9147}.Debug|Any CPU.Build.0 = Debug|Any CPU
		{9D841320-FD60-420F-93C7-EF72CD2F9147}.Release|Any CPU.ActiveCfg = Release|Any CPU
		{9D841320-FD60-420F-93C7-EF72CD2F9147}.Release|Any CPU.Build.0 = Release|Any CPU
		{7066B94B-33E4-411D-A4CF-4C0B6263BD8E}.Debug|Any CPU.ActiveCfg = Debug|Any CPU
		{7066B94B-33E4-411D-A4CF-4C0B6263BD8E}.Debug|Any CPU.Build.0 = Debug|Any CPU
		{7066B94B-33E4-411D-A4CF-4C0B6263BD8E}.Release|Any CPU.ActiveCfg = Release|Any CPU
		{7066B94B-33E4-411D-A4CF-4C0B6263BD8E}.Release|Any CPU.Build.0 = Release|Any CPU
		{2F770095-51ED-43B0-98BA-41478E8516E2}.Debug|Any CPU.ActiveCfg = Debug|Any CPU
		{2F770095-51ED-43B0-98BA-41478E8516E2}.Debug|Any CPU.Build.0 = Debug|Any CPU
		{2F770095-51ED-43B0-98BA-41478E8516E2}.Release|Any CPU.ActiveCfg = Release|Any CPU
		{2F770095-51ED-43B0-98BA-41478E8516E2}.Release|Any CPU.Build.0 = Release|Any CPU
		{762CA434-570C-4A95-949C-DFD76541425D}.Debug|Any CPU.ActiveCfg = Debug|Any CPU
		{762CA434-570C-4A95-949C-DFD76541425D}.Debug|Any CPU.Build.0 = Debug|Any CPU
		{762CA434-570C-4A95-949C-DFD76541425D}.Release|Any CPU.ActiveCfg = Release|Any CPU
		{762CA434-570C-4A95-949C-DFD76541425D}.Release|Any CPU.Build.0 = Release|Any CPU
		{2366E2B4-70BD-4222-ABCB-2D170ECA7374}.Debug|Any CPU.ActiveCfg = Debug|Any CPU
		{2366E2B4-70BD-4222-ABCB-2D170ECA7374}.Debug|Any CPU.Build.0 = Debug|Any CPU
		{2366E2B4-70BD-4222-ABCB-2D170ECA7374}.Release|Any CPU.ActiveCfg = Release|Any CPU
		{2366E2B4-70BD-4222-ABCB-2D170ECA7374}.Release|Any CPU.Build.0 = Release|Any CPU
		{348D0789-C8EF-48DA-B9AD-50504D7F145B}.Debug|Any CPU.ActiveCfg = Debug|Any CPU
		{348D0789-C8EF-48DA-B9AD-50504D7F145B}.Debug|Any CPU.Build.0 = Debug|Any CPU
		{348D0789-C8EF-48DA-B9AD-50504D7F145B}.Release|Any CPU.ActiveCfg = Release|Any CPU
		{348D0789-C8EF-48DA-B9AD-50504D7F145B}.Release|Any CPU.Build.0 = Release|Any CPU
		{F539F9A8-FD48-46F4-89E8-58B0C36BE54B}.Debug|Any CPU.ActiveCfg = Debug|Any CPU
		{F539F9A8-FD48-46F4-89E8-58B0C36BE54B}.Debug|Any CPU.Build.0 = Debug|Any CPU
		{F539F9A8-FD48-46F4-89E8-58B0C36BE54B}.Release|Any CPU.ActiveCfg = Release|Any CPU
		{F539F9A8-FD48-46F4-89E8-58B0C36BE54B}.Release|Any CPU.Build.0 = Release|Any CPU
		{36692E9A-A248-4F78-8346-07D259E4EB84}.Debug|Any CPU.ActiveCfg = Debug|Any CPU
		{36692E9A-A248-4F78-8346-07D259E4EB84}.Debug|Any CPU.Build.0 = Debug|Any CPU
		{36692E9A-A248-4F78-8346-07D259E4EB84}.Release|Any CPU.ActiveCfg = Release|Any CPU
		{36692E9A-A248-4F78-8346-07D259E4EB84}.Release|Any CPU.Build.0 = Release|Any CPU
		{3ABDB190-2F6A-49C0-87F3-2B8C350C6F6B}.Debug|Any CPU.ActiveCfg = Debug|Any CPU
		{3ABDB190-2F6A-49C0-87F3-2B8C350C6F6B}.Debug|Any CPU.Build.0 = Debug|Any CPU
		{3ABDB190-2F6A-49C0-87F3-2B8C350C6F6B}.Release|Any CPU.ActiveCfg = Release|Any CPU
		{3ABDB190-2F6A-49C0-87F3-2B8C350C6F6B}.Release|Any CPU.Build.0 = Release|Any CPU
	EndGlobalSection
	GlobalSection(SolutionProperties) = preSolution
		HideSolutionNode = FALSE
	EndGlobalSection
	GlobalSection(NestedProjects) = preSolution
		{64FC36C3-734D-402D-8664-85DD9A2DE74E} = {2A377F86-13A4-4C68-9A95-E2F0C2BAF02B}
		{16B42B61-7B26-45A8-92BF-712050E4A8EB} = {64FC36C3-734D-402D-8664-85DD9A2DE74E}
		{CE45B40C-DCF7-4496-8F05-0AB50B567A06} = {64FC36C3-734D-402D-8664-85DD9A2DE74E}
		{26580C29-028A-47A4-968F-E611B6198500} = {64FC36C3-734D-402D-8664-85DD9A2DE74E}
		{9D841320-FD60-420F-93C7-EF72CD2F9147} = {26580C29-028A-47A4-968F-E611B6198500}
		{7066B94B-33E4-411D-A4CF-4C0B6263BD8E} = {26580C29-028A-47A4-968F-E611B6198500}
		{2F770095-51ED-43B0-98BA-41478E8516E2} = {CE45B40C-DCF7-4496-8F05-0AB50B567A06}
		{762CA434-570C-4A95-949C-DFD76541425D} = {16B42B61-7B26-45A8-92BF-712050E4A8EB}
		{2366E2B4-70BD-4222-ABCB-2D170ECA7374} = {E8BCE3E9-B7D8-47F8-A727-401849F85C8D}
		{DB2DA886-8BB6-4D65-BFFC-27333DCD3B4F} = {64FC36C3-734D-402D-8664-85DD9A2DE74E}
		{17797365-F850-431E-9441-4F1AFB89ADA3} = {2A377F86-13A4-4C68-9A95-E2F0C2BAF02B}
		{5403C94C-5253-45DB-8A8E-3BD4136444D3} = {17797365-F850-431E-9441-4F1AFB89ADA3}
		{348D0789-C8EF-48DA-B9AD-50504D7F145B} = {5403C94C-5253-45DB-8A8E-3BD4136444D3}
		{F539F9A8-FD48-46F4-89E8-58B0C36BE54B} = {DB2DA886-8BB6-4D65-BFFC-27333DCD3B4F}
		{72198977-FF1E-470E-95A0-B2666C929A80} = {219811C3-5E10-4D9F-A3CA-AD3BF25B72C7}
		{36692E9A-A248-4F78-8346-07D259E4EB84} = {72198977-FF1E-470E-95A0-B2666C929A80}
		{C1960C71-47B7-443D-A62E-1C46969FF6DF} = {2A377F86-13A4-4C68-9A95-E2F0C2BAF02B}
		{3ABDB190-2F6A-49C0-87F3-2B8C350C6F6B} = {C1960C71-47B7-443D-A62E-1C46969FF6DF}
	EndGlobalSection
	GlobalSection(ExtensibilityGlobals) = postSolution
		SolutionGuid = {A2CB8E76-F942-4D45-A2A2-3212E7633872}
	EndGlobalSection
EndGlobal
